
Microsoft Visual Studio Solution File, Format Version 12.00
# Visual Studio Version 16
VisualStudioVersion = 16.0.30128.74
MinimumVisualStudioVersion = 10.0.40219.1
Project("{9A19103F-16F7-4668-BE54-9A1E7A4F7556}") = "Playground", "Playground\Playground.csproj", "{7996EC9B-2121-4A8C-9F2F-6E869165AB49}"
EndProject
Project("{9A19103F-16F7-4668-BE54-9A1E7A4F7556}") = "PlaygroundTest", "PlaygroundTest\PlaygroundTest.csproj", "{564AD25A-9992-44D4-B34E-709377667B9B}"
EndProject
Global
	GlobalSection(SolutionConfigurationPlatforms) = preSolution
		Debug|Any CPU = Debug|Any CPU
		Release|Any CPU = Release|Any CPU
	EndGlobalSection
	GlobalSection(ProjectConfigurationPlatforms) = postSolution
		{7996EC9B-2121-4A8C-9F2F-6E869165AB49}.Debug|Any CPU.ActiveCfg = Debug|Any CPU
		{7996EC9B-2121-4A8C-9F2F-6E869165AB49}.Debug|Any CPU.Build.0 = Debug|Any CPU
		{7996EC9B-2121-4A8C-9F2F-6E869165AB49}.Release|Any CPU.ActiveCfg = Release|Any CPU
		{7996EC9B-2121-4A8C-9F2F-6E869165AB49}.Release|Any CPU.Build.0 = Release|Any CPU
		{564AD25A-9992-44D4-B34E-709377667B9B}.Debug|Any CPU.ActiveCfg = Debug|Any CPU
		{564AD25A-9992-44D4-B34E-709377667B9B}.Debug|Any CPU.Build.0 = Debug|Any CPU
		{564AD25A-9992-44D4-B34E-709377667B9B}.Release|Any CPU.ActiveCfg = Release|Any CPU
		{564AD25A-9992-44D4-B34E-709377667B9B}.Release|Any CPU.Build.0 = Release|Any CPU
	EndGlobalSection
	GlobalSection(SolutionProperties) = preSolution
		HideSolutionNode = FALSE
	EndGlobalSection
	GlobalSection(ExtensibilityGlobals) = postSolution
		SolutionGuid = {6B7C36D6-39D9-4922-A0D0-C071C1C793BF}
	EndGlobalSection
EndGlobal
